
Microsoft Visual Studio Solution File, Format Version 12.00
# Visual Studio Version 16
VisualStudioVersion = 16.0.30611.23
MinimumVisualStudioVersion = 10.0.40219.1
Project("{FAE04EC0-301F-11D3-BF4B-00C04F79EFBC}") = "CellularAutomataConsole", "CellularAutomataConsole.csproj", "{099F4F25-AADC-4F6A-B4F3-DC65B806A10B}"
EndProject
Global
	GlobalSection(SolutionConfigurationPlatforms) = preSolution
		Debug|Any CPU = Debug|Any CPU
		Release|Any CPU = Release|Any CPU
	EndGlobalSection
	GlobalSection(ProjectConfigurationPlatforms) = postSolution
		{099F4F25-AADC-4F6A-B4F3-DC65B806A10B}.Debug|Any CPU.ActiveCfg = Debug|Any CPU
		{099F4F25-AADC-4F6A-B4F3-DC65B806A10B}.Debug|Any CPU.Build.0 = Debug|Any CPU
		{099F4F25-AADC-4F6A-B4F3-DC65B806A10B}.Release|Any CPU.ActiveCfg = Release|Any CPU
		{099F4F25-AADC-4F6A-B4F3-DC65B806A10B}.Release|Any CPU.Build.0 = Release|Any CPU
	EndGlobalSection
	GlobalSection(SolutionProperties) = preSolution
		HideSolutionNode = FALSE
	EndGlobalSection
	GlobalSection(ExtensibilityGlobals) = postSolution
		SolutionGuid = {0BC6A2AF-C31B-4D9B-88D8-82BEC0CD7C83}
	EndGlobalSection
EndGlobal
